
Microsoft Visual Studio Solution File, Format Version 12.00
# Visual Studio Version 17
VisualStudioVersion = 17.0.31903.59
MinimumVisualStudioVersion = 10.0.40219.1
Project("{FAE04EC0-301F-11D3-BF4B-00C04F79EFBC}") = "SmartHRM.Core", "SmartHRM.Core\SmartHRM.Core.csproj", "{55A91FB5-C6E2-44CE-9D2B-0AB92D8CEAD5}"
EndProject
Project("{FAE04EC0-301F-11D3-BF4B-00C04F79EFBC}") = "SmartHRM.Application", "SmartHRM.Application\SmartHRM.Application.csproj", "{26FCB6C4-12BB-4F8F-A66D-4FDA5584F3BE}"
EndProject
Project("{FAE04EC0-301F-11D3-BF4B-00C04F79EFBC}") = "SmartHRM.Infrastructure", "SmartHRM.Infrastructure\SmartHRM.Infrastructure.csproj", "{AC01EA34-F888-4685-9E6C-18A440FCC6B7}"
EndProject
Project("{FAE04EC0-301F-11D3-BF4B-00C04F79EFBC}") = "SmartHRM.API", "SmartHRM.API\SmartHRM.API.csproj", "{021C58C9-B769-454B-9F75-B241106016CC}"
EndProject
Project("{FAE04EC0-301F-11D3-BF4B-00C04F79EFBC}") = "SmartHRM.Client", "SmartHRM.Client\SmartHRM.Client.csproj", "{A53916E8-08BD-4F77-BE9C-E698297651A2}"
EndProject
Global
	GlobalSection(SolutionConfigurationPlatforms) = preSolution
		Debug|Any CPU = Debug|Any CPU
		Debug|x64 = Debug|x64
		Debug|x86 = Debug|x86
		Release|Any CPU = Release|Any CPU
		Release|x64 = Release|x64
		Release|x86 = Release|x86
	EndGlobalSection
	GlobalSection(ProjectConfigurationPlatforms) = postSolution
		{55A91FB5-C6E2-44CE-9D2B-0AB92D8CEAD5}.Debug|Any CPU.ActiveCfg = Debug|Any CPU
		{55A91FB5-C6E2-44CE-9D2B-0AB92D8CEAD5}.Debug|Any CPU.Build.0 = Debug|Any CPU
		{55A91FB5-C6E2-44CE-9D2B-0AB92D8CEAD5}.Debug|x64.ActiveCfg = Debug|Any CPU
		{55A91FB5-C6E2-44CE-9D2B-0AB92D8CEAD5}.Debug|x64.Build.0 = Debug|Any CPU
		{55A91FB5-C6E2-44CE-9D2B-0AB92D8CEAD5}.Debug|x86.ActiveCfg = Debug|Any CPU
		{55A91FB5-C6E2-44CE-9D2B-0AB92D8CEAD5}.Debug|x86.Build.0 = Debug|Any CPU
		{55A91FB5-C6E2-44CE-9D2B-0AB92D8CEAD5}.Release|Any CPU.ActiveCfg = Release|Any CPU
		{55A91FB5-C6E2-44CE-9D2B-0AB92D8CEAD5}.Release|Any CPU.Build.0 = Release|Any CPU
		{55A91FB5-C6E2-44CE-9D2B-0AB92D8CEAD5}.Release|x64.ActiveCfg = Release|Any CPU
		{55A91FB5-C6E2-44CE-9D2B-0AB92D8CEAD5}.Release|x64.Build.0 = Release|Any CPU
		{55A91FB5-C6E2-44CE-9D2B-0AB92D8CEAD5}.Release|x86.ActiveCfg = Release|Any CPU
		{55A91FB5-C6E2-44CE-9D2B-0AB92D8CEAD5}.Release|x86.Build.0 = Release|Any CPU
		{26FCB6C4-12BB-4F8F-A66D-4FDA5584F3BE}.Debug|Any CPU.ActiveCfg = Debug|Any CPU
		{26FCB6C4-12BB-4F8F-A66D-4FDA5584F3BE}.Debug|Any CPU.Build.0 = Debug|Any CPU
		{26FCB6C4-12BB-4F8F-A66D-4FDA5584F3BE}.Debug|x64.ActiveCfg = Debug|Any CPU
		{26FCB6C4-12BB-4F8F-A66D-4FDA5584F3BE}.Debug|x64.Build.0 = Debug|Any CPU
		{26FCB6C4-12BB-4F8F-A66D-4FDA5584F3BE}.Debug|x86.ActiveCfg = Debug|Any CPU
		{26FCB6C4-12BB-4F8F-A66D-4FDA5584F3BE}.Debug|x86.Build.0 = Debug|Any CPU
		{26FCB6C4-12BB-4F8F-A66D-4FDA5584F3BE}.Release|Any CPU.ActiveCfg = Release|Any CPU
		{26FCB6C4-12BB-4F8F-A66D-4FDA5584F3BE}.Release|Any CPU.Build.0 = Release|Any CPU
		{26FCB6C4-12BB-4F8F-A66D-4FDA5584F3BE}.Release|x64.ActiveCfg = Release|Any CPU
		{26FCB6C4-12BB-4F8F-A66D-4FDA5584F3BE}.Release|x64.Build.0 = Release|Any CPU
		{26FCB6C4-12BB-4F8F-A66D-4FDA5584F3BE}.Release|x86.ActiveCfg = Release|Any CPU
		{26FCB6C4-12BB-4F8F-A66D-4FDA5584F3BE}.Release|x86.Build.0 = Release|Any CPU
		{AC01EA34-F888-4685-9E6C-18A440FCC6B7}.Debug|Any CPU.ActiveCfg = Debug|Any CPU
		{AC01EA34-F888-4685-9E6C-18A440FCC6B7}.Debug|Any CPU.Build.0 = Debug|Any CPU
		{AC01EA34-F888-4685-9E6C-18A440FCC6B7}.Debug|x64.ActiveCfg = Debug|Any CPU
		{AC01EA34-F888-4685-9E6C-18A440FCC6B7}.Debug|x64.Build.0 = Debug|Any CPU
		{AC01EA34-F888-4685-9E6C-18A440FCC6B7}.Debug|x86.ActiveCfg = Debug|Any CPU
		{AC01EA34-F888-4685-9E6C-18A440FCC6B7}.Debug|x86.Build.0 = Debug|Any CPU
		{AC01EA34-F888-4685-9E6C-18A440FCC6B7}.Release|Any CPU.ActiveCfg = Release|Any CPU
		{AC01EA34-F888-4685-9E6C-18A440FCC6B7}.Release|Any CPU.Build.0 = Release|Any CPU
		{AC01EA34-F888-4685-9E6C-18A440FCC6B7}.Release|x64.ActiveCfg = Release|Any CPU
		{AC01EA34-F888-4685-9E6C-18A440FCC6B7}.Release|x64.Build.0 = Release|Any CPU
		{AC01EA34-F888-4685-9E6C-18A440FCC6B7}.Release|x86.ActiveCfg = Release|Any CPU
		{AC01EA34-F888-4685-9E6C-18A440FCC6B7}.Release|x86.Build.0 = Release|Any CPU
		{021C58C9-B769-454B-9F75-B241106016CC}.Debug|Any CPU.ActiveCfg = Debug|Any CPU
		{021C58C9-B769-454B-9F75-B241106016CC}.Debug|Any CPU.Build.0 = Debug|Any CPU
		{021C58C9-B769-454B-9F75-B241106016CC}.Debug|x64.ActiveCfg = Debug|Any CPU
		{021C58C9-B769-454B-9F75-B241106016CC}.Debug|x64.Build.0 = Debug|Any CPU
		{021C58C9-B769-454B-9F75-B241106016CC}.Debug|x86.ActiveCfg = Debug|Any CPU
		{021C58C9-B769-454B-9F75-B241106016CC}.Debug|x86.Build.0 = Debug|Any CPU
		{021C58C9-B769-454B-9F75-B241106016CC}.Release|Any CPU.ActiveCfg = Release|Any CPU
		{021C58C9-B769-454B-9F75-B241106016CC}.Release|Any CPU.Build.0 = Release|Any CPU
		{021C58C9-B769-454B-9F75-B241106016CC}.Release|x64.ActiveCfg = Release|Any CPU
		{021C58C9-B769-454B-9F75-B241106016CC}.Release|x64.Build.0 = Release|Any CPU
		{021C58C9-B769-454B-9F75-B241106016CC}.Release|x86.ActiveCfg = Release|Any CPU
		{021C58C9-B769-454B-9F75-B241106016CC}.Release|x86.Build.0 = Release|Any CPU
		{A53916E8-08BD-4F77-BE9C-E698297651A2}.Debug|Any CPU.ActiveCfg = Debug|Any CPU
		{A53916E8-08BD-4F77-BE9C-E698297651A2}.Debug|Any CPU.Build.0 = Debug|Any CPU
		{A53916E8-08BD-4F77-BE9C-E698297651A2}.Debug|x64.ActiveCfg = Debug|Any CPU
		{A53916E8-08BD-4F77-BE9C-E698297651A2}.Debug|x64.Build.0 = Debug|Any CPU
		{A53916E8-08BD-4F77-BE9C-E698297651A2}.Debug|x86.ActiveCfg = Debug|Any CPU
		{A53916E8-08BD-4F77-BE9C-E698297651A2}.Debug|x86.Build.0 = Debug|Any CPU
		{A53916E8-08BD-4F77-BE9C-E698297651A2}.Release|Any CPU.ActiveCfg = Release|Any CPU
		{A53916E8-08BD-4F77-BE9C-E698297651A2}.Release|Any CPU.Build.0 = Release|Any CPU
		{A53916E8-08BD-4F77-BE9C-E698297651A2}.Release|x64.ActiveCfg = Release|Any CPU
		{A53916E8-08BD-4F77-BE9C-E698297651A2}.Release|x64.Build.0 = Release|Any CPU
		{A53916E8-08BD-4F77-BE9C-E698297651A2}.Release|x86.ActiveCfg = Release|Any CPU
		{A53916E8-08BD-4F77-BE9C-E698297651A2}.Release|x86.Build.0 = Release|Any CPU
	EndGlobalSection
	GlobalSection(SolutionProperties) = preSolution
		HideSolutionNode = FALSE
	EndGlobalSection
EndGlobal
